
Microsoft Visual Studio Solution File, Format Version 12.00
# Visual Studio Version 16
VisualStudioVersion = 16.0.30804.86
MinimumVisualStudioVersion = 10.0.40219.1
Project("{FAE04EC0-301F-11D3-BF4B-00C04F79EFBC}") = "testeGit", "testeGit\testeGit.csproj", "{97657339-5DB9-4E92-97EE-A7907C99BC06}"
EndProject
Global
	GlobalSection(SolutionConfigurationPlatforms) = preSolution
		Debug|Any CPU = Debug|Any CPU
		Release|Any CPU = Release|Any CPU
	EndGlobalSection
	GlobalSection(ProjectConfigurationPlatforms) = postSolution
		{97657339-5DB9-4E92-97EE-A7907C99BC06}.Debug|Any CPU.ActiveCfg = Debug|Any CPU
		{97657339-5DB9-4E92-97EE-A7907C99BC06}.Debug|Any CPU.Build.0 = Debug|Any CPU
		{97657339-5DB9-4E92-97EE-A7907C99BC06}.Release|Any CPU.ActiveCfg = Release|Any CPU
		{97657339-5DB9-4E92-97EE-A7907C99BC06}.Release|Any CPU.Build.0 = Release|Any CPU
	EndGlobalSection
	GlobalSection(SolutionProperties) = preSolution
		HideSolutionNode = FALSE
	EndGlobalSection
	GlobalSection(ExtensibilityGlobals) = postSolution
		SolutionGuid = {02F0CADC-6E47-4FE8-9617-F57B4C44C476}
	EndGlobalSection
EndGlobal
